// !$*UTF8*$!
{
	archiveVersion = 1;
	classes = {
	};
	objectVersion = 50;
	objects = {

/* Begin PBXBuildFile section */
		A1A845EC22D246840037850E /* LocationRow.swift in Sources */ = {isa = PBXBuildFile; fileRef = A1A845EB22D246840037850E /* LocationRow.swift */; };
		A1A845EE22D25E650037850E /* LocationDetails.swift in Sources */ = {isa = PBXBuildFile; fileRef = A1A845ED22D25E650037850E /* LocationDetails.swift */; };
		A1DE04DC22D1267A00DE92D2 /* AppDelegate.swift in Sources */ = {isa = PBXBuildFile; fileRef = A1DE04DB22D1267A00DE92D2 /* AppDelegate.swift */; };
		A1DE04DE22D1267A00DE92D2 /* SceneDelegate.swift in Sources */ = {isa = PBXBuildFile; fileRef = A1DE04DD22D1267A00DE92D2 /* SceneDelegate.swift */; };
		A1DE04E022D1267B00DE92D2 /* HomeView.swift in Sources */ = {isa = PBXBuildFile; fileRef = A1DE04DF22D1267B00DE92D2 /* HomeView.swift */; };
		A1DE04E222D126C600DE92D2 /* Assets.xcassets in Resources */ = {isa = PBXBuildFile; fileRef = A1DE04E122D126C600DE92D2 /* Assets.xcassets */; };
		A1DE04E522D126C600DE92D2 /* Preview Assets.xcassets in Resources */ = {isa = PBXBuildFile; fileRef = A1DE04E422D126C600DE92D2 /* Preview Assets.xcassets */; };
		A1DE04E822D126C600DE92D2 /* LaunchScreen.storyboard in Resources */ = {isa = PBXBuildFile; fileRef = A1DE04E622D126C600DE92D2 /* LaunchScreen.storyboard */; };
		A1DE04F622D1290300DE92D2 /* Landmark.swift in Sources */ = {isa = PBXBuildFile; fileRef = A1DE04F422D1290200DE92D2 /* Landmark.swift */; };
		A1DE04F722D1290300DE92D2 /* Data.swift in Sources */ = {isa = PBXBuildFile; fileRef = A1DE04F522D1290300DE92D2 /* Data.swift */; };
		A1DE050622D1292D00DE92D2 /* twinlake.jpg in Resources */ = {isa = PBXBuildFile; fileRef = A1DE04F922D1292800DE92D2 /* twinlake.jpg */; };
		A1DE050722D1292D00DE92D2 /* chincoteague.jpg in Resources */ = {isa = PBXBuildFile; fileRef = A1DE04FA22D1292800DE92D2 /* chincoteague.jpg */; };
		A1DE050822D1292D00DE92D2 /* rainbowlake.jpg in Resources */ = {isa = PBXBuildFile; fileRef = A1DE04FB22D1292800DE92D2 /* rainbowlake.jpg */; };
		A1DE050922D1292D00DE92D2 /* lakemcdonald.jpg in Resources */ = {isa = PBXBuildFile; fileRef = A1DE04FC22D1292900DE92D2 /* lakemcdonald.jpg */; };
		A1DE050A22D1292D00DE92D2 /* chilkoottrail.jpg in Resources */ = {isa = PBXBuildFile; fileRef = A1DE04FD22D1292900DE92D2 /* chilkoottrail.jpg */; };
		A1DE050B22D1292D00DE92D2 /* umbagog.jpg in Resources */ = {isa = PBXBuildFile; fileRef = A1DE04FE22D1292900DE92D2 /* umbagog.jpg */; };
		A1DE050C22D1292D00DE92D2 /* icybay.jpg in Resources */ = {isa = PBXBuildFile; fileRef = A1DE04FF22D1292A00DE92D2 /* icybay.jpg */; };
		A1DE050D22D1292D00DE92D2 /* hiddenlake.jpg in Resources */ = {isa = PBXBuildFile; fileRef = A1DE050022D1292A00DE92D2 /* hiddenlake.jpg */; };
		A1DE050E22D1292D00DE92D2 /* silversalmoncreek.jpg in Resources */ = {isa = PBXBuildFile; fileRef = A1DE050122D1292B00DE92D2 /* silversalmoncreek.jpg */; };
		A1DE050F22D1292D00DE92D2 /* yukon_charleyrivers.jpg in Resources */ = {isa = PBXBuildFile; fileRef = A1DE050222D1292B00DE92D2 /* yukon_charleyrivers.jpg */; };
		A1DE051022D1292D00DE92D2 /* landmarkData.json in Resources */ = {isa = PBXBuildFile; fileRef = A1DE050322D1292C00DE92D2 /* landmarkData.json */; };
		A1DE051122D1292D00DE92D2 /* turtlerock.jpg in Resources */ = {isa = PBXBuildFile; fileRef = A1DE050422D1292C00DE92D2 /* turtlerock.jpg */; };
		A1DE051222D1292D00DE92D2 /* stmarylake.jpg in Resources */ = {isa = PBXBuildFile; fileRef = A1DE050522D1292C00DE92D2 /* stmarylake.jpg */; };
		A1DE051522D1299100DE92D2 /* LocationView.swift in Sources */ = {isa = PBXBuildFile; fileRef = A1DE051422D1299100DE92D2 /* LocationView.swift */; };
/* End PBXBuildFile section */

/* Begin PBXFileReference section */
		A1A845EB22D246840037850E /* LocationRow.swift */ = {isa = PBXFileReference; lastKnownFileType = sourcecode.swift; path = LocationRow.swift; sourceTree = "<group>"; };
		A1A845ED22D25E650037850E /* LocationDetails.swift */ = {isa = PBXFileReference; lastKnownFileType = sourcecode.swift; path = LocationDetails.swift; sourceTree = "<group>"; };
		A1DE04D822D1267A00DE92D2 /* CoffeeApp.app */ = {isa = PBXFileReference; explicitFileType = wrapper.application; includeInIndex = 0; path = CoffeeApp.app; sourceTree = BUILT_PRODUCTS_DIR; };
		A1DE04DB22D1267A00DE92D2 /* AppDelegate.swift */ = {isa = PBXFileReference; lastKnownFileType = sourcecode.swift; path = AppDelegate.swift; sourceTree = "<group>"; };
		A1DE04DD22D1267A00DE92D2 /* SceneDelegate.swift */ = {isa = PBXFileReference; lastKnownFileType = sourcecode.swift; path = SceneDelegate.swift; sourceTree = "<group>"; };
		A1DE04DF22D1267B00DE92D2 /* HomeView.swift */ = {isa = PBXFileReference; lastKnownFileType = sourcecode.swift; path = HomeView.swift; sourceTree = "<group>"; };
		A1DE04E122D126C600DE92D2 /* Assets.xcassets */ = {isa = PBXFileReference; lastKnownFileType = folder.assetcatalog; path = Assets.xcassets; sourceTree = "<group>"; };
		A1DE04E422D126C600DE92D2 /* Preview Assets.xcassets */ = {isa = PBXFileReference; lastKnownFileType = folder.assetcatalog; path = "Preview Assets.xcassets"; sourceTree = "<group>"; };
		A1DE04E722D126C600DE92D2 /* Base */ = {isa = PBXFileReference; lastKnownFileType = file.storyboard; name = Base; path = Base.lproj/LaunchScreen.storyboard; sourceTree = "<group>"; };
		A1DE04E922D126C600DE92D2 /* Info.plist */ = {isa = PBXFileReference; lastKnownFileType = text.plist.xml; path = Info.plist; sourceTree = "<group>"; };
		A1DE04F422D1290200DE92D2 /* Landmark.swift */ = {isa = PBXFileReference; fileEncoding = 4; lastKnownFileType = sourcecode.swift; path = Landmark.swift; sourceTree = "<group>"; };
		A1DE04F522D1290300DE92D2 /* Data.swift */ = {isa = PBXFileReference; fileEncoding = 4; lastKnownFileType = sourcecode.swift; path = Data.swift; sourceTree = "<group>"; };
		A1DE04F922D1292800DE92D2 /* twinlake.jpg */ = {isa = PBXFileReference; lastKnownFileType = image.jpeg; path = twinlake.jpg; sourceTree = "<group>"; };
		A1DE04FA22D1292800DE92D2 /* chincoteague.jpg */ = {isa = PBXFileReference; lastKnownFileType = image.jpeg; path = chincoteague.jpg; sourceTree = "<group>"; };
		A1DE04FB22D1292800DE92D2 /* rainbowlake.jpg */ = {isa = PBXFileReference; lastKnownFileType = image.jpeg; path = rainbowlake.jpg; sourceTree = "<group>"; };
		A1DE04FC22D1292900DE92D2 /* lakemcdonald.jpg */ = {isa = PBXFileReference; lastKnownFileType = image.jpeg; path = lakemcdonald.jpg; sourceTree = "<group>"; };
		A1DE04FD22D1292900DE92D2 /* chilkoottrail.jpg */ = {isa = PBXFileReference; lastKnownFileType = image.jpeg; path = chilkoottrail.jpg; sourceTree = "<group>"; };
		A1DE04FE22D1292900DE92D2 /* umbagog.jpg */ = {isa = PBXFileReference; lastKnownFileType = image.jpeg; path = umbagog.jpg; sourceTree = "<group>"; };
		A1DE04FF22D1292A00DE92D2 /* icybay.jpg */ = {isa = PBXFileReference; lastKnownFileType = image.jpeg; path = icybay.jpg; sourceTree = "<group>"; };
		A1DE050022D1292A00DE92D2 /* hiddenlake.jpg */ = {isa = PBXFileReference; lastKnownFileType = image.jpeg; path = hiddenlake.jpg; sourceTree = "<group>"; };
		A1DE050122D1292B00DE92D2 /* silversalmoncreek.jpg */ = {isa = PBXFileReference; lastKnownFileType = image.jpeg; path = silversalmoncreek.jpg; sourceTree = "<group>"; };
		A1DE050222D1292B00DE92D2 /* yukon_charleyrivers.jpg */ = {isa = PBXFileReference; lastKnownFileType = image.jpeg; path = yukon_charleyrivers.jpg; sourceTree = "<group>"; };
		A1DE050322D1292C00DE92D2 /* landmarkData.json */ = {isa = PBXFileReference; fileEncoding = 4; lastKnownFileType = text.json; path = landmarkData.json; sourceTree = "<group>"; };
		A1DE050422D1292C00DE92D2 /* turtlerock.jpg */ = {isa = PBXFileReference; lastKnownFileType = image.jpeg; path = turtlerock.jpg; sourceTree = "<group>"; };
		A1DE050522D1292C00DE92D2 /* stmarylake.jpg */ = {isa = PBXFileReference; lastKnownFileType = image.jpeg; path = stmarylake.jpg; sourceTree = "<group>"; };
		A1DE051422D1299100DE92D2 /* LocationView.swift */ = {isa = PBXFileReference; lastKnownFileType = sourcecode.swift; path = LocationView.swift; sourceTree = "<group>"; };
/* End PBXFileReference section */

/* Begin PBXFrameworksBuildPhase section */
		A1DE04D522D1267A00DE92D2 /* Frameworks */ = {
			isa = PBXFrameworksBuildPhase;
			buildActionMask = 2147483647;
			files = (
			);
			runOnlyForDeploymentPostprocessing = 0;
		};
/* End PBXFrameworksBuildPhase section */

/* Begin PBXGroup section */
		A1DE04CF22D1267900DE92D2 = {
			isa = PBXGroup;
			children = (
				A1DE04DA22D1267A00DE92D2 /* CoffeeApp */,
				A1DE04D922D1267A00DE92D2 /* Products */,
			);
			sourceTree = "<group>";
		};
		A1DE04D922D1267A00DE92D2 /* Products */ = {
			isa = PBXGroup;
			children = (
				A1DE04D822D1267A00DE92D2 /* CoffeeApp.app */,
			);
			name = Products;
			sourceTree = "<group>";
		};
		A1DE04DA22D1267A00DE92D2 /* CoffeeApp */ = {
			isa = PBXGroup;
			children = (
				A1DE051322D1295D00DE92D2 /* View */,
				A1DE04F822D1291300DE92D2 /* Resource */,
				A1DE04F322D128F600DE92D2 /* Model */,
				A1DE04DB22D1267A00DE92D2 /* AppDelegate.swift */,
				A1DE04DD22D1267A00DE92D2 /* SceneDelegate.swift */,
				A1DE04E122D126C600DE92D2 /* Assets.xcassets */,
				A1DE04E622D126C600DE92D2 /* LaunchScreen.storyboard */,
				A1DE04E922D126C600DE92D2 /* Info.plist */,
				A1DE04E322D126C600DE92D2 /* Preview Content */,
			);
			path = CoffeeApp;
			sourceTree = "<group>";
		};
		A1DE04E322D126C600DE92D2 /* Preview Content */ = {
			isa = PBXGroup;
			children = (
				A1DE04E422D126C600DE92D2 /* Preview Assets.xcassets */,
			);
			path = "Preview Content";
			sourceTree = "<group>";
		};
		A1DE04F322D128F600DE92D2 /* Model */ = {
			isa = PBXGroup;
			children = (
				A1DE04F522D1290300DE92D2 /* Data.swift */,
				A1DE04F422D1290200DE92D2 /* Landmark.swift */,
			);
			path = Model;
			sourceTree = "<group>";
		};
		A1DE04F822D1291300DE92D2 /* Resource */ = {
			isa = PBXGroup;
			children = (
				A1DE04FD22D1292900DE92D2 /* chilkoottrail.jpg */,
				A1DE04FA22D1292800DE92D2 /* chincoteague.jpg */,
				A1DE050022D1292A00DE92D2 /* hiddenlake.jpg */,
				A1DE04FF22D1292A00DE92D2 /* icybay.jpg */,
				A1DE04FC22D1292900DE92D2 /* lakemcdonald.jpg */,
				A1DE050322D1292C00DE92D2 /* landmarkData.json */,
				A1DE04FB22D1292800DE92D2 /* rainbowlake.jpg */,
				A1DE050122D1292B00DE92D2 /* silversalmoncreek.jpg */,
				A1DE050522D1292C00DE92D2 /* stmarylake.jpg */,
				A1DE050422D1292C00DE92D2 /* turtlerock.jpg */,
				A1DE04F922D1292800DE92D2 /* twinlake.jpg */,
				A1DE04FE22D1292900DE92D2 /* umbagog.jpg */,
				A1DE050222D1292B00DE92D2 /* yukon_charleyrivers.jpg */,
			);
			path = Resource;
			sourceTree = "<group>";
		};
		A1DE051322D1295D00DE92D2 /* View */ = {
			isa = PBXGroup;
			children = (
				A1DE04DF22D1267B00DE92D2 /* HomeView.swift */,
				A1DE051422D1299100DE92D2 /* LocationView.swift */,
				A1A845EB22D246840037850E /* LocationRow.swift */,
				A1A845ED22D25E650037850E /* LocationDetails.swift */,
			);
			path = View;
			sourceTree = "<group>";
		};
/* End PBXGroup section */

/* Begin PBXNativeTarget section */
		A1DE04D722D1267A00DE92D2 /* CoffeeApp */ = {
			isa = PBXNativeTarget;
			buildConfigurationList = A1DE04EC22D126C600DE92D2 /* Build configuration list for PBXNativeTarget "CoffeeApp" */;
			buildPhases = (
				A1DE04D422D1267A00DE92D2 /* Sources */,
				A1DE04D522D1267A00DE92D2 /* Frameworks */,
				A1DE04D622D1267A00DE92D2 /* Resources */,
			);
			buildRules = (
			);
			dependencies = (
			);
			name = CoffeeApp;
			productName = CoffeeApp;
			productReference = A1DE04D822D1267A00DE92D2 /* CoffeeApp.app */;
			productType = "com.apple.product-type.application";
		};
/* End PBXNativeTarget section */

/* Begin PBXProject section */
		A1DE04D022D1267A00DE92D2 /* Project object */ = {
			isa = PBXProject;
			attributes = {
				LastSwiftUpdateCheck = 1100;
				LastUpgradeCheck = 1100;
				ORGANIZATIONNAME = sinbad;
				TargetAttributes = {
					A1DE04D722D1267A00DE92D2 = {
						CreatedOnToolsVersion = 11.0;
					};
				};
			};
			buildConfigurationList = A1DE04D322D1267A00DE92D2 /* Build configuration list for PBXProject "CoffeeApp" */;
			compatibilityVersion = "Xcode 9.3";
			developmentRegion = en;
			hasScannedForEncodings = 0;
			knownRegions = (
				en,
				Base,
			);
			mainGroup = A1DE04CF22D1267900DE92D2;
			productRefGroup = A1DE04D922D1267A00DE92D2 /* Products */;
			projectDirPath = "";
			projectRoot = "";
			targets = (
				A1DE04D722D1267A00DE92D2 /* CoffeeApp */,
			);
		};
/* End PBXProject section */

/* Begin PBXResourcesBuildPhase section */
		A1DE04D622D1267A00DE92D2 /* Resources */ = {
			isa = PBXResourcesBuildPhase;
			buildActionMask = 2147483647;
			files = (
				A1DE050F22D1292D00DE92D2 /* yukon_charleyrivers.jpg in Resources */,
				A1DE050E22D1292D00DE92D2 /* silversalmoncreek.jpg in Resources */,
				A1DE050822D1292D00DE92D2 /* rainbowlake.jpg in Resources */,
				A1DE050A22D1292D00DE92D2 /* chilkoottrail.jpg in Resources */,
				A1DE050722D1292D00DE92D2 /* chincoteague.jpg in Resources */,
				A1DE050C22D1292D00DE92D2 /* icybay.jpg in Resources */,
				A1DE050B22D1292D00DE92D2 /* umbagog.jpg in Resources */,
				A1DE051022D1292D00DE92D2 /* landmarkData.json in Resources */,
				A1DE050622D1292D00DE92D2 /* twinlake.jpg in Resources */,
				A1DE04E822D126C600DE92D2 /* LaunchScreen.storyboard in Resources */,
				A1DE04E522D126C600DE92D2 /* Preview Assets.xcassets in Resources */,
				A1DE051222D1292D00DE92D2 /* stmarylake.jpg in Resources */,
				A1DE051122D1292D00DE92D2 /* turtlerock.jpg in Resources */,
				A1DE050922D1292D00DE92D2 /* lakemcdonald.jpg in Resources */,
				A1DE050D22D1292D00DE92D2 /* hiddenlake.jpg in Resources */,
				A1DE04E222D126C600DE92D2 /* Assets.xcassets in Resources */,
			);
			runOnlyForDeploymentPostprocessing = 0;
		};
/* End PBXResourcesBuildPhase section */

/* Begin PBXSourcesBuildPhase section */
		A1DE04D422D1267A00DE92D2 /* Sources */ = {
			isa = PBXSourcesBuildPhase;
			buildActionMask = 2147483647;
			files = (
				A1DE04DC22D1267A00DE92D2 /* AppDelegate.swift in Sources */,
				A1DE051522D1299100DE92D2 /* LocationView.swift in Sources */,
				A1DE04F722D1290300DE92D2 /* Data.swift in Sources */,
				A1DE04DE22D1267A00DE92D2 /* SceneDelegate.swift in Sources */,
				A1A845EC22D246840037850E /* LocationRow.swift in Sources */,
				A1DE04E022D1267B00DE92D2 /* HomeView.swift in Sources */,
				A1DE04F622D1290300DE92D2 /* Landmark.swift in Sources */,
				A1A845EE22D25E650037850E /* LocationDetails.swift in Sources */,
			);
			runOnlyForDeploymentPostprocessing = 0;
		};
/* End PBXSourcesBuildPhase section */

/* Begin PBXVariantGroup section */
		A1DE04E622D126C600DE92D2 /* LaunchScreen.storyboard */ = {
			isa = PBXVariantGroup;
			children = (
				A1DE04E722D126C600DE92D2 /* Base */,
			);
			name = LaunchScreen.storyboard;
			sourceTree = "<group>";
		};
/* End PBXVariantGroup section */

/* Begin XCBuildConfiguration section */
		A1DE04EA22D126C600DE92D2 /* Debug */ = {
			isa = XCBuildConfiguration;
			buildSettings = {
				ALWAYS_SEARCH_USER_PATHS = NO;
				CLANG_ANALYZER_NONNULL = YES;
				CLANG_ANALYZER_NUMBER_OBJECT_CONVERSION = YES_AGGRESSIVE;
				CLANG_CXX_LANGUAGE_STANDARD = "gnu++14";
				CLANG_CXX_LIBRARY = "libc++";
				CLANG_ENABLE_MODULES = YES;
				CLANG_ENABLE_OBJC_ARC = YES;
				CLANG_ENABLE_OBJC_WEAK = YES;
				CLANG_WARN_BLOCK_CAPTURE_AUTORELEASING = YES;
				CLANG_WARN_BOOL_CONVERSION = YES;
				CLANG_WARN_COMMA = YES;
				CLANG_WARN_CONSTANT_CONVERSION = YES;
				CLANG_WARN_DEPRECATED_OBJC_IMPLEMENTATIONS = YES;
				CLANG_WARN_DIRECT_OBJC_ISA_USAGE = YES_ERROR;
				CLANG_WARN_DOCUMENTATION_COMMENTS = YES;
				CLANG_WARN_EMPTY_BODY = YES;
				CLANG_WARN_ENUM_CONVERSION = YES;
				CLANG_WARN_INFINITE_RECURSION = YES;
				CLANG_WARN_INT_CONVERSION = YES;
				CLANG_WARN_NON_LITERAL_NULL_CONVERSION = YES;
				CLANG_WARN_OBJC_IMPLICIT_RETAIN_SELF = YES;
				CLANG_WARN_OBJC_LITERAL_CONVERSION = YES;
				CLANG_WARN_OBJC_ROOT_CLASS = YES_ERROR;
				CLANG_WARN_RANGE_LOOP_ANALYSIS = YES;
				CLANG_WARN_STRICT_PROTOTYPES = YES;
				CLANG_WARN_SUSPICIOUS_MOVE = YES;
				CLANG_WARN_UNGUARDED_AVAILABILITY = YES_AGGRESSIVE;
				CLANG_WARN_UNREACHABLE_CODE = YES;
				CLANG_WARN__DUPLICATE_METHOD_MATCH = YES;
				COPY_PHASE_STRIP = NO;
				DEBUG_INFORMATION_FORMAT = dwarf;
				ENABLE_STRICT_OBJC_MSGSEND = YES;
				ENABLE_TESTABILITY = YES;
				GCC_C_LANGUAGE_STANDARD = gnu11;
				GCC_DYNAMIC_NO_PIC = NO;
				GCC_NO_COMMON_BLOCKS = YES;
				GCC_OPTIMIZATION_LEVEL = 0;
				GCC_PREPROCESSOR_DEFINITIONS = (
					"DEBUG=1",
					"$(inherited)",
				);
				GCC_WARN_64_TO_32_BIT_CONVERSION = YES;
				GCC_WARN_ABOUT_RETURN_TYPE = YES_ERROR;
				GCC_WARN_UNDECLARED_SELECTOR = YES;
				GCC_WARN_UNINITIALIZED_AUTOS = YES_AGGRESSIVE;
				GCC_WARN_UNUSED_FUNCTION = YES;
				GCC_WARN_UNUSED_VARIABLE = YES;
				IPHONEOS_DEPLOYMENT_TARGET = 13.0;
				MTL_ENABLE_DEBUG_INFO = INCLUDE_SOURCE;
				MTL_FAST_MATH = YES;
				ONLY_ACTIVE_ARCH = YES;
				SDKROOT = iphoneos;
				SWIFT_ACTIVE_COMPILATION_CONDITIONS = DEBUG;
				SWIFT_OPTIMIZATION_LEVEL = "-Onone";
			};
			name = Debug;
		};
		A1DE04EB22D126C600DE92D2 /* Release */ = {
			isa = XCBuildConfiguration;
			buildSettings = {
				ALWAYS_SEARCH_USER_PATHS = NO;
				CLANG_ANALYZER_NONNULL = YES;
				CLANG_ANALYZER_NUMBER_OBJECT_CONVERSION = YES_AGGRESSIVE;
				CLANG_CXX_LANGUAGE_STANDARD = "gnu++14";
				CLANG_CXX_LIBRARY = "libc++";
				CLANG_ENABLE_MODULES = YES;
				CLANG_ENABLE_OBJC_ARC = YES;
				CLANG_ENABLE_OBJC_WEAK = YES;
				CLANG_WARN_BLOCK_CAPTURE_AUTORELEASING = YES;
				CLANG_WARN_BOOL_CONVERSION = YES;
				CLANG_WARN_COMMA = YES;
				CLANG_WARN_CONSTANT_CONVERSION = YES;
				CLANG_WARN_DEPRECATED_OBJC_IMPLEMENTATIONS = YES;
				CLANG_WARN_DIRECT_OBJC_ISA_USAGE = YES_ERROR;
				CLANG_WARN_DOCUMENTATION_COMMENTS = YES;
				CLANG_WARN_EMPTY_BODY = YES;
				CLANG_WARN_ENUM_CONVERSION = YES;
				CLANG_WARN_INFINITE_RECURSION = YES;
				CLANG_WARN_INT_CONVERSION = YES;
				CLANG_WARN_NON_LITERAL_NULL_CONVERSION = YES;
				CLANG_WARN_OBJC_IMPLICIT_RETAIN_SELF = YES;
				CLANG_WARN_OBJC_LITERAL_CONVERSION = YES;
				CLANG_WARN_OBJC_ROOT_CLASS = YES_ERROR;
				CLANG_WARN_RANGE_LOOP_ANALYSIS = YES;
				CLANG_WARN_STRICT_PROTOTYPES = YES;
				CLANG_WARN_SUSPICIOUS_MOVE = YES;
				CLANG_WARN_UNGUARDED_AVAILABILITY = YES_AGGRESSIVE;
				CLANG_WARN_UNREACHABLE_CODE = YES;
				CLANG_WARN__DUPLICATE_METHOD_MATCH = YES;
				COPY_PHASE_STRIP = NO;
				DEBUG_INFORMATION_FORMAT = "dwarf-with-dsym";
				ENABLE_NS_ASSERTIONS = NO;
				ENABLE_STRICT_OBJC_MSGSEND = YES;
				GCC_C_LANGUAGE_STANDARD = gnu11;
				GCC_NO_COMMON_BLOCKS = YES;
				GCC_WARN_64_TO_32_BIT_CONVERSION = YES;
				GCC_WARN_ABOUT_RETURN_TYPE = YES_ERROR;
				GCC_WARN_UNDECLARED_SELECTOR = YES;
				GCC_WARN_UNINITIALIZED_AUTOS = YES_AGGRESSIVE;
				GCC_WARN_UNUSED_FUNCTION = YES;
				GCC_WARN_UNUSED_VARIABLE = YES;
				IPHONEOS_DEPLOYMENT_TARGET = 13.0;
				MTL_ENABLE_DEBUG_INFO = NO;
				MTL_FAST_MATH = YES;
				SDKROOT = iphoneos;
				SWIFT_COMPILATION_MODE = wholemodule;
				SWIFT_OPTIMIZATION_LEVEL = "-O";
				VALIDATE_PRODUCT = YES;
			};
			name = Release;
		};
		A1DE04ED22D126C600DE92D2 /* Debug */ = {
			isa = XCBuildConfiguration;
			buildSettings = {
				ASSETCATALOG_COMPILER_APPICON_NAME = AppIcon;
				CODE_SIGN_STYLE = Automatic;
				DEVELOPMENT_ASSET_PATHS = "CoffeeApp/Preview\\ Content";
				ENABLE_PREVIEWS = YES;
				INFOPLIST_FILE = CoffeeApp/Info.plist;
				LD_RUNPATH_SEARCH_PATHS = (
					"$(inherited)",
					"@executable_path/Frameworks",
				);
				PRODUCT_BUNDLE_IDENTIFIER = com.devsloop.CoffeeApp;
				PRODUCT_NAME = "$(TARGET_NAME)";
				SWIFT_VERSION = 5.0;
				TARGETED_DEVICE_FAMILY = "1,2";
			};
			name = Debug;
		};
		A1DE04EE22D126C600DE92D2 /* Release */ = {
			isa = XCBuildConfiguration;
			buildSettings = {
				ASSETCATALOG_COMPILER_APPICON_NAME = AppIcon;
				CODE_SIGN_STYLE = Automatic;
				DEVELOPMENT_ASSET_PATHS = "CoffeeApp/Preview\\ Content";
				ENABLE_PREVIEWS = YES;
				INFOPLIST_FILE = CoffeeApp/Info.plist;
				LD_RUNPATH_SEARCH_PATHS = (
					"$(inherited)",
					"@executable_path/Frameworks",
				);
				PRODUCT_BUNDLE_IDENTIFIER = com.devsloop.CoffeeApp;
				PRODUCT_NAME = "$(TARGET_NAME)";
				SWIFT_VERSION = 5.0;
				TARGETED_DEVICE_FAMILY = "1,2";
			};
			name = Release;
		};
/* End XCBuildConfiguration section */

/* Begin XCConfigurationList section */
		A1DE04D322D1267A00DE92D2 /* Build configuration list for PBXProject "CoffeeApp" */ = {
			isa = XCConfigurationList;
			buildConfigurations = (
				A1DE04EA22D126C600DE92D2 /* Debug */,
				A1DE04EB22D126C600DE92D2 /* Release */,
			);
			defaultConfigurationIsVisible = 0;
			defaultConfigurationName = Release;
		};
		A1DE04EC22D126C600DE92D2 /* Build configuration list for PBXNativeTarget "CoffeeApp" */ = {
			isa = XCConfigurationList;
			buildConfigurations = (
				A1DE04ED22D126C600DE92D2 /* Debug */,
				A1DE04EE22D126C600DE92D2 /* Release */,
			);
			defaultConfigurationIsVisible = 0;
			defaultConfigurationName = Release;
		};
/* End XCConfigurationList section */
	};
	rootObject = A1DE04D022D1267A00DE92D2 /* Project object */;
}
